
Microsoft Visual Studio Solution File, Format Version 12.00
# Visual Studio Version 16
VisualStudioVersion = 16.0.29418.71
MinimumVisualStudioVersion = 10.0.40219.1
Project("{2150E333-8FDC-42A3-9474-1A3956D46DE8}") = "Dependencies", "Dependencies", "{80BF23A8-C3B0-47E7-B9DB-AF22D5B66327}"
EndProject
Project("{FAE04EC0-301F-11D3-BF4B-00C04F79EFBC}") = "Abanu.Drawing", "..\..\abanu\src\Abanu.Drawing\Abanu.Drawing.csproj", "{F1DAAA4E-EC76-472C-AA35-4EB0E2E16FF5}"
EndProject
Project("{FAE04EC0-301F-11D3-BF4B-00C04F79EFBC}") = "Abanu.Kernel.Api", "..\..\abanu\src\Abanu.Kernel.Api\Abanu.Kernel.Api.csproj", "{ED52E867-98F0-4FBF-AB06-4812AE5FFB43}"
EndProject
Project("{FAE04EC0-301F-11D3-BF4B-00C04F79EFBC}") = "Abanu.Lib", "..\..\abanu\src\Abanu.Lib\Abanu.Lib.csproj", "{966282D0-FC83-45B1-A523-17343F7E63B6}"
EndProject
Project("{FAE04EC0-301F-11D3-BF4B-00C04F79EFBC}") = "Abanu.Primitives", "..\..\abanu\src\Abanu.Primitives\Abanu.Primitives.csproj", "{D61BA40B-253D-445B-A6AC-1B080AAC9B80}"
EndProject
Project("{FAE04EC0-301F-11D3-BF4B-00C04F79EFBC}") = "Abanu.Runtime", "..\..\abanu\src\Abanu.Runtime\Abanu.Runtime.csproj", "{4D9C0633-1433-4A92-A148-80E8E91155FD}"
EndProject
Project("{2150E333-8FDC-42A3-9474-1A3956D46DE8}") = "Mosa", "Mosa", "{D7DF9232-1D39-4275-9A0D-F92F557AC7A3}"
EndProject
Project("{FAE04EC0-301F-11D3-BF4B-00C04F79EFBC}") = "Mosa.Korlib", "..\..\abanu\external\MOSA-Project\Source\Mosa.Korlib\Mosa.Korlib.csproj", "{631BC4F3-E2D8-4319-814C-13904CAA17CE}"
EndProject
Project("{FAE04EC0-301F-11D3-BF4B-00C04F79EFBC}") = "Mosa.Plug.Korlib.x86", "..\..\abanu\external\MOSA-Project\Source\Mosa.Plug.Korlib.x86\Mosa.Plug.Korlib.x86.csproj", "{028BC31C-2EDC-492E-90A3-3714E38CE2CF}"
EndProject
Project("{FAE04EC0-301F-11D3-BF4B-00C04F79EFBC}") = "Mosa.Runtime", "..\..\abanu\external\MOSA-Project\Source\Mosa.Runtime\Mosa.Runtime.csproj", "{77961864-DB33-4189-804F-D774022C96E2}"
EndProject
Project("{FAE04EC0-301F-11D3-BF4B-00C04F79EFBC}") = "Mosa.Runtime.x86", "..\..\abanu\external\MOSA-Project\Source\Mosa.Runtime.x86\Mosa.Runtime.x86.csproj", "{A47B7998-4EE8-4AF8-9373-C664FDEDDC65}"
EndProject
Project("{FAE04EC0-301F-11D3-BF4B-00C04F79EFBC}") = "Mosa.Plug.Korlib", "..\..\abanu\external\MOSA-Project\Source\Mosa.Plug.Korlib\Mosa.Plug.Korlib.csproj", "{CBDEEF3C-BBE7-4655-A096-1367DE069E63}"
EndProject
Project("{FAE04EC0-301F-11D3-BF4B-00C04F79EFBC}") = "Abanu.Kernel.Config", "..\..\abanu\src\Abanu.Kernel.Config\Abanu.Kernel.Config.csproj", "{317E8C4B-089B-469B-8789-D76EB2F87504}"
EndProject
Project("{2150E333-8FDC-42A3-9474-1A3956D46DE8}") = "Abanu", "Abanu", "{BEDCC4F7-37E5-4DB3-86D4-6B7137BF7347}"
EndProject
Project("{FAE04EC0-301F-11D3-BF4B-00C04F79EFBC}") = "App.GuiDemo", "App.GuiDemo\App.GuiDemo.csproj", "{25A3AC90-40DB-4962-9EA0-43C4AFC41942}"
EndProject
Global
	GlobalSection(SolutionConfigurationPlatforms) = preSolution
		Debug|Any CPU = Debug|Any CPU
		Release|Any CPU = Release|Any CPU
	EndGlobalSection
	GlobalSection(ProjectConfigurationPlatforms) = postSolution
		{F1DAAA4E-EC76-472C-AA35-4EB0E2E16FF5}.Debug|Any CPU.ActiveCfg = Debug|Any CPU
		{F1DAAA4E-EC76-472C-AA35-4EB0E2E16FF5}.Debug|Any CPU.Build.0 = Debug|Any CPU
		{F1DAAA4E-EC76-472C-AA35-4EB0E2E16FF5}.Release|Any CPU.ActiveCfg = Release|Any CPU
		{F1DAAA4E-EC76-472C-AA35-4EB0E2E16FF5}.Release|Any CPU.Build.0 = Release|Any CPU
		{ED52E867-98F0-4FBF-AB06-4812AE5FFB43}.Debug|Any CPU.ActiveCfg = Debug|Any CPU
		{ED52E867-98F0-4FBF-AB06-4812AE5FFB43}.Debug|Any CPU.Build.0 = Debug|Any CPU
		{ED52E867-98F0-4FBF-AB06-4812AE5FFB43}.Release|Any CPU.ActiveCfg = Release|Any CPU
		{ED52E867-98F0-4FBF-AB06-4812AE5FFB43}.Release|Any CPU.Build.0 = Release|Any CPU
		{966282D0-FC83-45B1-A523-17343F7E63B6}.Debug|Any CPU.ActiveCfg = Debug|Any CPU
		{966282D0-FC83-45B1-A523-17343F7E63B6}.Debug|Any CPU.Build.0 = Debug|Any CPU
		{966282D0-FC83-45B1-A523-17343F7E63B6}.Release|Any CPU.ActiveCfg = Release|Any CPU
		{966282D0-FC83-45B1-A523-17343F7E63B6}.Release|Any CPU.Build.0 = Release|Any CPU
		{D61BA40B-253D-445B-A6AC-1B080AAC9B80}.Debug|Any CPU.ActiveCfg = Debug|Any CPU
		{D61BA40B-253D-445B-A6AC-1B080AAC9B80}.Debug|Any CPU.Build.0 = Debug|Any CPU
		{D61BA40B-253D-445B-A6AC-1B080AAC9B80}.Release|Any CPU.ActiveCfg = Release|Any CPU
		{D61BA40B-253D-445B-A6AC-1B080AAC9B80}.Release|Any CPU.Build.0 = Release|Any CPU
		{4D9C0633-1433-4A92-A148-80E8E91155FD}.Debug|Any CPU.ActiveCfg = Debug|Any CPU
		{4D9C0633-1433-4A92-A148-80E8E91155FD}.Debug|Any CPU.Build.0 = Debug|Any CPU
		{4D9C0633-1433-4A92-A148-80E8E91155FD}.Release|Any CPU.ActiveCfg = Release|Any CPU
		{4D9C0633-1433-4A92-A148-80E8E91155FD}.Release|Any CPU.Build.0 = Release|Any CPU
		{631BC4F3-E2D8-4319-814C-13904CAA17CE}.Debug|Any CPU.ActiveCfg = Debug|Any CPU
		{631BC4F3-E2D8-4319-814C-13904CAA17CE}.Debug|Any CPU.Build.0 = Debug|Any CPU
		{631BC4F3-E2D8-4319-814C-13904CAA17CE}.Release|Any CPU.ActiveCfg = Release|Any CPU
		{631BC4F3-E2D8-4319-814C-13904CAA17CE}.Release|Any CPU.Build.0 = Release|Any CPU
		{028BC31C-2EDC-492E-90A3-3714E38CE2CF}.Debug|Any CPU.ActiveCfg = Debug|Any CPU
		{028BC31C-2EDC-492E-90A3-3714E38CE2CF}.Debug|Any CPU.Build.0 = Debug|Any CPU
		{028BC31C-2EDC-492E-90A3-3714E38CE2CF}.Release|Any CPU.ActiveCfg = Release|Any CPU
		{028BC31C-2EDC-492E-90A3-3714E38CE2CF}.Release|Any CPU.Build.0 = Release|Any CPU
		{77961864-DB33-4189-804F-D774022C96E2}.Debug|Any CPU.ActiveCfg = Debug|Any CPU
		{77961864-DB33-4189-804F-D774022C96E2}.Debug|Any CPU.Build.0 = Debug|Any CPU
		{77961864-DB33-4189-804F-D774022C96E2}.Release|Any CPU.ActiveCfg = Release|Any CPU
		{77961864-DB33-4189-804F-D774022C96E2}.Release|Any CPU.Build.0 = Release|Any CPU
		{A47B7998-4EE8-4AF8-9373-C664FDEDDC65}.Debug|Any CPU.ActiveCfg = Debug|Any CPU
		{A47B7998-4EE8-4AF8-9373-C664FDEDDC65}.Debug|Any CPU.Build.0 = Debug|Any CPU
		{A47B7998-4EE8-4AF8-9373-C664FDEDDC65}.Release|Any CPU.ActiveCfg = Release|Any CPU
		{A47B7998-4EE8-4AF8-9373-C664FDEDDC65}.Release|Any CPU.Build.0 = Release|Any CPU
		{CBDEEF3C-BBE7-4655-A096-1367DE069E63}.Debug|Any CPU.ActiveCfg = Debug|Any CPU
		{CBDEEF3C-BBE7-4655-A096-1367DE069E63}.Debug|Any CPU.Build.0 = Debug|Any CPU
		{CBDEEF3C-BBE7-4655-A096-1367DE069E63}.Release|Any CPU.ActiveCfg = Release|Any CPU
		{CBDEEF3C-BBE7-4655-A096-1367DE069E63}.Release|Any CPU.Build.0 = Release|Any CPU
		{317E8C4B-089B-469B-8789-D76EB2F87504}.Debug|Any CPU.ActiveCfg = Debug|Any CPU
		{317E8C4B-089B-469B-8789-D76EB2F87504}.Debug|Any CPU.Build.0 = Debug|Any CPU
		{317E8C4B-089B-469B-8789-D76EB2F87504}.Release|Any CPU.ActiveCfg = Release|Any CPU
		{317E8C4B-089B-469B-8789-D76EB2F87504}.Release|Any CPU.Build.0 = Release|Any CPU
		{25A3AC90-40DB-4962-9EA0-43C4AFC41942}.Debug|Any CPU.ActiveCfg = Debug|Any CPU
		{25A3AC90-40DB-4962-9EA0-43C4AFC41942}.Debug|Any CPU.Build.0 = Debug|Any CPU
		{25A3AC90-40DB-4962-9EA0-43C4AFC41942}.Release|Any CPU.ActiveCfg = Release|Any CPU
		{25A3AC90-40DB-4962-9EA0-43C4AFC41942}.Release|Any CPU.Build.0 = Release|Any CPU
	EndGlobalSection
	GlobalSection(SolutionProperties) = preSolution
		HideSolutionNode = FALSE
	EndGlobalSection
	GlobalSection(NestedProjects) = preSolution
		{F1DAAA4E-EC76-472C-AA35-4EB0E2E16FF5} = {BEDCC4F7-37E5-4DB3-86D4-6B7137BF7347}
		{ED52E867-98F0-4FBF-AB06-4812AE5FFB43} = {BEDCC4F7-37E5-4DB3-86D4-6B7137BF7347}
		{966282D0-FC83-45B1-A523-17343F7E63B6} = {BEDCC4F7-37E5-4DB3-86D4-6B7137BF7347}
		{D61BA40B-253D-445B-A6AC-1B080AAC9B80} = {BEDCC4F7-37E5-4DB3-86D4-6B7137BF7347}
		{4D9C0633-1433-4A92-A148-80E8E91155FD} = {BEDCC4F7-37E5-4DB3-86D4-6B7137BF7347}
		{D7DF9232-1D39-4275-9A0D-F92F557AC7A3} = {80BF23A8-C3B0-47E7-B9DB-AF22D5B66327}
		{631BC4F3-E2D8-4319-814C-13904CAA17CE} = {D7DF9232-1D39-4275-9A0D-F92F557AC7A3}
		{028BC31C-2EDC-492E-90A3-3714E38CE2CF} = {D7DF9232-1D39-4275-9A0D-F92F557AC7A3}
		{77961864-DB33-4189-804F-D774022C96E2} = {D7DF9232-1D39-4275-9A0D-F92F557AC7A3}
		{A47B7998-4EE8-4AF8-9373-C664FDEDDC65} = {D7DF9232-1D39-4275-9A0D-F92F557AC7A3}
		{CBDEEF3C-BBE7-4655-A096-1367DE069E63} = {D7DF9232-1D39-4275-9A0D-F92F557AC7A3}
		{317E8C4B-089B-469B-8789-D76EB2F87504} = {BEDCC4F7-37E5-4DB3-86D4-6B7137BF7347}
		{BEDCC4F7-37E5-4DB3-86D4-6B7137BF7347} = {80BF23A8-C3B0-47E7-B9DB-AF22D5B66327}
	EndGlobalSection
	GlobalSection(ExtensibilityGlobals) = postSolution
		SolutionGuid = {8BAB4FFD-CFAF-4458-B410-BBB19D24E3E8}
	EndGlobalSection
EndGlobal
